
Microsoft Visual Studio Solution File, Format Version 12.00
# Visual Studio 15
VisualStudioVersion = 15.0.28307.1259
MinimumVisualStudioVersion = 10.0.40219.1
Project("{FAE04EC0-301F-11D3-BF4B-00C04F79EFBC}") = "apiMDSF", "apiMDSF\apiMDSF.csproj", "{A26839CF-7BC8-4F73-AE96-526C8CCEA35D}"
EndProject
Global
	GlobalSection(SolutionConfigurationPlatforms) = preSolution
		Debug|Any CPU = Debug|Any CPU
		Release|Any CPU = Release|Any CPU
	EndGlobalSection
	GlobalSection(ProjectConfigurationPlatforms) = postSolution
		{A26839CF-7BC8-4F73-AE96-526C8CCEA35D}.Debug|Any CPU.ActiveCfg = Debug|Any CPU
		{A26839CF-7BC8-4F73-AE96-526C8CCEA35D}.Debug|Any CPU.Build.0 = Debug|Any CPU
		{A26839CF-7BC8-4F73-AE96-526C8CCEA35D}.Release|Any CPU.ActiveCfg = Release|Any CPU
		{A26839CF-7BC8-4F73-AE96-526C8CCEA35D}.Release|Any CPU.Build.0 = Release|Any CPU
	EndGlobalSection
	GlobalSection(SolutionProperties) = preSolution
		HideSolutionNode = FALSE
	EndGlobalSection
	GlobalSection(ExtensibilityGlobals) = postSolution
		SolutionGuid = {BB54560F-6B9D-4466-9B2D-3A6C4FE9F08A}
	EndGlobalSection
EndGlobal
